// !$*UTF8*$!
{
	archiveVersion = 1;
	classes = {
	};
	objectVersion = 46;
	objects = {

/* Begin PBXBuildFile section */
		005487B414FE54FA001B3D76 /* UIKit.framework in Frameworks */ = {isa = PBXBuildFile; fileRef = 005487B314FE54FA001B3D76 /* UIKit.framework */; };
		005487B614FE54FA001B3D76 /* Foundation.framework in Frameworks */ = {isa = PBXBuildFile; fileRef = 005487B514FE54FA001B3D76 /* Foundation.framework */; };
		005487B814FE54FA001B3D76 /* CoreGraphics.framework in Frameworks */ = {isa = PBXBuildFile; fileRef = 005487B714FE54FA001B3D76 /* CoreGraphics.framework */; };
		005487BE14FE54FA001B3D76 /* InfoPlist.strings in Resources */ = {isa = PBXBuildFile; fileRef = 005487BC14FE54FA001B3D76 /* InfoPlist.strings */; };
		005487C014FE54FA001B3D76 /* main.m in Sources */ = {isa = PBXBuildFile; fileRef = 005487BF14FE54FA001B3D76 /* main.m */; };
		005487C414FE54FA001B3D76 /* AppDelegate.m in Sources */ = {isa = PBXBuildFile; fileRef = 005487C314FE54FA001B3D76 /* AppDelegate.m */; };
		005487C714FE54FA001B3D76 /* MainViewController.m in Sources */ = {isa = PBXBuildFile; fileRef = 005487C614FE54FA001B3D76 /* MainViewController.m */; };
		005487CA14FE54FA001B3D76 /* FlipsideViewController.m in Sources */ = {isa = PBXBuildFile; fileRef = 005487C914FE54FA001B3D76 /* FlipsideViewController.m */; };
		005487CD14FE54FA001B3D76 /* MainViewController_iPhone.xib in Resources */ = {isa = PBXBuildFile; fileRef = 005487CB14FE54FA001B3D76 /* MainViewController_iPhone.xib */; };
		005487D014FE54FA001B3D76 /* MainViewController_iPad.xib in Resources */ = {isa = PBXBuildFile; fileRef = 005487CE14FE54FA001B3D76 /* MainViewController_iPad.xib */; };
		005487D314FE54FA001B3D76 /* FlipsideViewController.xib in Resources */ = {isa = PBXBuildFile; fileRef = 005487D114FE54FA001B3D76 /* FlipsideViewController.xib */; };
		005487DD14FE5520001B3D76 /* wikipedia.png in Resources */ = {isa = PBXBuildFile; fileRef = 005487DA14FE5520001B3D76 /* wikipedia.png */; };
		005487DE14FE5520001B3D76 /* WikipediaHelper.m in Sources */ = {isa = PBXBuildFile; fileRef = 005487DC14FE5520001B3D76 /* WikipediaHelper.m */; };
		005487F714FE55F1001B3D76 /* SBJsonParser.m in Sources */ = {isa = PBXBuildFile; fileRef = 005487E214FE55F1001B3D76 /* SBJsonParser.m */; settings = {COMPILER_FLAGS = "-fno-objc-arc"; }; };
		005487F814FE55F1001B3D76 /* SBJsonStreamParser.m in Sources */ = {isa = PBXBuildFile; fileRef = 005487E414FE55F1001B3D76 /* SBJsonStreamParser.m */; settings = {COMPILER_FLAGS = "-fno-objc-arc"; }; };
		005487F914FE55F1001B3D76 /* SBJsonStreamParserAccumulator.m in Sources */ = {isa = PBXBuildFile; fileRef = 005487E614FE55F1001B3D76 /* SBJsonStreamParserAccumulator.m */; settings = {COMPILER_FLAGS = "-fno-objc-arc"; }; };
		005487FA14FE55F1001B3D76 /* SBJsonStreamParserAdapter.m in Sources */ = {isa = PBXBuildFile; fileRef = 005487E814FE55F1001B3D76 /* SBJsonStreamParserAdapter.m */; settings = {COMPILER_FLAGS = "-fno-objc-arc"; }; };
		005487FB14FE55F1001B3D76 /* SBJsonStreamParserState.m in Sources */ = {isa = PBXBuildFile; fileRef = 005487EA14FE55F1001B3D76 /* SBJsonStreamParserState.m */; settings = {COMPILER_FLAGS = "-fno-objc-arc"; }; };
		005487FC14FE55F1001B3D76 /* SBJsonStreamWriter.m in Sources */ = {isa = PBXBuildFile; fileRef = 005487EC14FE55F1001B3D76 /* SBJsonStreamWriter.m */; settings = {COMPILER_FLAGS = "-fno-objc-arc"; }; };
		005487FD14FE55F1001B3D76 /* SBJsonStreamWriterAccumulator.m in Sources */ = {isa = PBXBuildFile; fileRef = 005487EE14FE55F1001B3D76 /* SBJsonStreamWriterAccumulator.m */; settings = {COMPILER_FLAGS = "-fno-objc-arc"; }; };
		005487FE14FE55F1001B3D76 /* SBJsonStreamWriterState.m in Sources */ = {isa = PBXBuildFile; fileRef = 005487F014FE55F1001B3D76 /* SBJsonStreamWriterState.m */; settings = {COMPILER_FLAGS = "-fno-objc-arc"; }; };
		005487FF14FE55F1001B3D76 /* SBJsonTokeniser.m in Sources */ = {isa = PBXBuildFile; fileRef = 005487F214FE55F1001B3D76 /* SBJsonTokeniser.m */; settings = {COMPILER_FLAGS = "-fno-objc-arc"; }; };
		0054880014FE55F1001B3D76 /* SBJsonUTF8Stream.m in Sources */ = {isa = PBXBuildFile; fileRef = 005487F414FE55F1001B3D76 /* SBJsonUTF8Stream.m */; settings = {COMPILER_FLAGS = "-fno-objc-arc"; }; };
		0054880114FE55F1001B3D76 /* SBJsonWriter.m in Sources */ = {isa = PBXBuildFile; fileRef = 005487F614FE55F1001B3D76 /* SBJsonWriter.m */; settings = {COMPILER_FLAGS = "-fno-objc-arc"; }; };
/* End PBXBuildFile section */

/* Begin PBXFileReference section */
		005487AF14FE54FA001B3D76 /* WikiApiObjectiveC.app */ = {isa = PBXFileReference; explicitFileType = wrapper.application; includeInIndex = 0; path = WikiApiObjectiveC.app; sourceTree = BUILT_PRODUCTS_DIR; };
		005487B314FE54FA001B3D76 /* UIKit.framework */ = {isa = PBXFileReference; lastKnownFileType = wrapper.framework; name = UIKit.framework; path = System/Library/Frameworks/UIKit.framework; sourceTree = SDKROOT; };
		005487B514FE54FA001B3D76 /* Foundation.framework */ = {isa = PBXFileReference; lastKnownFileType = wrapper.framework; name = Foundation.framework; path = System/Library/Frameworks/Foundation.framework; sourceTree = SDKROOT; };
		005487B714FE54FA001B3D76 /* CoreGraphics.framework */ = {isa = PBXFileReference; lastKnownFileType = wrapper.framework; name = CoreGraphics.framework; path = System/Library/Frameworks/CoreGraphics.framework; sourceTree = SDKROOT; };
		005487BB14FE54FA001B3D76 /* WikiApiObjectiveC-Info.plist */ = {isa = PBXFileReference; lastKnownFileType = text.plist.xml; path = "WikiApiObjectiveC-Info.plist"; sourceTree = "<group>"; };
		005487BD14FE54FA001B3D76 /* en */ = {isa = PBXFileReference; lastKnownFileType = text.plist.strings; name = en; path = en.lproj/InfoPlist.strings; sourceTree = "<group>"; };
		005487BF14FE54FA001B3D76 /* main.m */ = {isa = PBXFileReference; lastKnownFileType = sourcecode.c.objc; path = main.m; sourceTree = "<group>"; };
		005487C114FE54FA001B3D76 /* WikiApiObjectiveC-Prefix.pch */ = {isa = PBXFileReference; lastKnownFileType = sourcecode.c.h; path = "WikiApiObjectiveC-Prefix.pch"; sourceTree = "<group>"; };
		005487C214FE54FA001B3D76 /* AppDelegate.h */ = {isa = PBXFileReference; lastKnownFileType = sourcecode.c.h; path = AppDelegate.h; sourceTree = "<group>"; };
		005487C314FE54FA001B3D76 /* AppDelegate.m */ = {isa = PBXFileReference; lastKnownFileType = sourcecode.c.objc; path = AppDelegate.m; sourceTree = "<group>"; };
		005487C514FE54FA001B3D76 /* MainViewController.h */ = {isa = PBXFileReference; lastKnownFileType = sourcecode.c.h; path = MainViewController.h; sourceTree = "<group>"; };
		005487C614FE54FA001B3D76 /* MainViewController.m */ = {isa = PBXFileReference; lastKnownFileType = sourcecode.c.objc; path = MainViewController.m; sourceTree = "<group>"; };
		005487C814FE54FA001B3D76 /* FlipsideViewController.h */ = {isa = PBXFileReference; lastKnownFileType = sourcecode.c.h; path = FlipsideViewController.h; sourceTree = "<group>"; };
		005487C914FE54FA001B3D76 /* FlipsideViewController.m */ = {isa = PBXFileReference; lastKnownFileType = sourcecode.c.objc; path = FlipsideViewController.m; sourceTree = "<group>"; };
		005487CC14FE54FA001B3D76 /* en */ = {isa = PBXFileReference; lastKnownFileType = file.xib; name = en; path = en.lproj/MainViewController_iPhone.xib; sourceTree = "<group>"; };
		005487CF14FE54FA001B3D76 /* en */ = {isa = PBXFileReference; lastKnownFileType = file.xib; name = en; path = en.lproj/MainViewController_iPad.xib; sourceTree = "<group>"; };
		005487D214FE54FA001B3D76 /* en */ = {isa = PBXFileReference; lastKnownFileType = file.xib; name = en; path = en.lproj/FlipsideViewController.xib; sourceTree = "<group>"; };
		005487DA14FE5520001B3D76 /* wikipedia.png */ = {isa = PBXFileReference; lastKnownFileType = image.png; path = wikipedia.png; sourceTree = "<group>"; };
		005487DB14FE5520001B3D76 /* WikipediaHelper.h */ = {isa = PBXFileReference; fileEncoding = 4; lastKnownFileType = sourcecode.c.h; path = WikipediaHelper.h; sourceTree = "<group>"; };
		005487DC14FE5520001B3D76 /* WikipediaHelper.m */ = {isa = PBXFileReference; fileEncoding = 4; lastKnownFileType = sourcecode.c.objc; path = WikipediaHelper.m; sourceTree = "<group>"; };
		005487E014FE55F1001B3D76 /* SBJson.h */ = {isa = PBXFileReference; fileEncoding = 4; lastKnownFileType = sourcecode.c.h; path = SBJson.h; sourceTree = "<group>"; };
		005487E114FE55F1001B3D76 /* SBJsonParser.h */ = {isa = PBXFileReference; fileEncoding = 4; lastKnownFileType = sourcecode.c.h; path = SBJsonParser.h; sourceTree = "<group>"; };
		005487E214FE55F1001B3D76 /* SBJsonParser.m */ = {isa = PBXFileReference; fileEncoding = 4; lastKnownFileType = sourcecode.c.objc; path = SBJsonParser.m; sourceTree = "<group>"; };
		005487E314FE55F1001B3D76 /* SBJsonStreamParser.h */ = {isa = PBXFileReference; fileEncoding = 4; lastKnownFileType = sourcecode.c.h; path = SBJsonStreamParser.h; sourceTree = "<group>"; };
		005487E414FE55F1001B3D76 /* SBJsonStreamParser.m */ = {isa = PBXFileReference; fileEncoding = 4; lastKnownFileType = sourcecode.c.objc; path = SBJsonStreamParser.m; sourceTree = "<group>"; };
		005487E514FE55F1001B3D76 /* SBJsonStreamParserAccumulator.h */ = {isa = PBXFileReference; fileEncoding = 4; lastKnownFileType = sourcecode.c.h; path = SBJsonStreamParserAccumulator.h; sourceTree = "<group>"; };
		005487E614FE55F1001B3D76 /* SBJsonStreamParserAccumulator.m */ = {isa = PBXFileReference; fileEncoding = 4; lastKnownFileType = sourcecode.c.objc; path = SBJsonStreamParserAccumulator.m; sourceTree = "<group>"; };
		005487E714FE55F1001B3D76 /* SBJsonStreamParserAdapter.h */ = {isa = PBXFileReference; fileEncoding = 4; lastKnownFileType = sourcecode.c.h; path = SBJsonStreamParserAdapter.h; sourceTree = "<group>"; };
		005487E814FE55F1001B3D76 /* SBJsonStreamParserAdapter.m */ = {isa = PBXFileReference; fileEncoding = 4; lastKnownFileType = sourcecode.c.objc; path = SBJsonStreamParserAdapter.m; sourceTree = "<group>"; };
		005487E914FE55F1001B3D76 /* SBJsonStreamParserState.h */ = {isa = PBXFileReference; fileEncoding = 4; lastKnownFileType = sourcecode.c.h; path = SBJsonStreamParserState.h; sourceTree = "<group>"; };
		005487EA14FE55F1001B3D76 /* SBJsonStreamParserState.m */ = {isa = PBXFileReference; fileEncoding = 4; lastKnownFileType = sourcecode.c.objc; path = SBJsonStreamParserState.m; sourceTree = "<group>"; };
		005487EB14FE55F1001B3D76 /* SBJsonStreamWriter.h */ = {isa = PBXFileReference; fileEncoding = 4; lastKnownFileType = sourcecode.c.h; path = SBJsonStreamWriter.h; sourceTree = "<group>"; };
		005487EC14FE55F1001B3D76 /* SBJsonStreamWriter.m */ = {isa = PBXFileReference; fileEncoding = 4; lastKnownFileType = sourcecode.c.objc; path = SBJsonStreamWriter.m; sourceTree = "<group>"; };
		005487ED14FE55F1001B3D76 /* SBJsonStreamWriterAccumulator.h */ = {isa = PBXFileReference; fileEncoding = 4; lastKnownFileType = sourcecode.c.h; path = SBJsonStreamWriterAccumulator.h; sourceTree = "<group>"; };
		005487EE14FE55F1001B3D76 /* SBJsonStreamWriterAccumulator.m */ = {isa = PBXFileReference; fileEncoding = 4; lastKnownFileType = sourcecode.c.objc; path = SBJsonStreamWriterAccumulator.m; sourceTree = "<group>"; };
		005487EF14FE55F1001B3D76 /* SBJsonStreamWriterState.h */ = {isa = PBXFileReference; fileEncoding = 4; lastKnownFileType = sourcecode.c.h; path = SBJsonStreamWriterState.h; sourceTree = "<group>"; };
		005487F014FE55F1001B3D76 /* SBJsonStreamWriterState.m */ = {isa = PBXFileReference; fileEncoding = 4; lastKnownFileType = sourcecode.c.objc; path = SBJsonStreamWriterState.m; sourceTree = "<group>"; };
		005487F114FE55F1001B3D76 /* SBJsonTokeniser.h */ = {isa = PBXFileReference; fileEncoding = 4; lastKnownFileType = sourcecode.c.h; path = SBJsonTokeniser.h; sourceTree = "<group>"; };
		005487F214FE55F1001B3D76 /* SBJsonTokeniser.m */ = {isa = PBXFileReference; fileEncoding = 4; lastKnownFileType = sourcecode.c.objc; path = SBJsonTokeniser.m; sourceTree = "<group>"; };
		005487F314FE55F1001B3D76 /* SBJsonUTF8Stream.h */ = {isa = PBXFileReference; fileEncoding = 4; lastKnownFileType = sourcecode.c.h; path = SBJsonUTF8Stream.h; sourceTree = "<group>"; };
		005487F414FE55F1001B3D76 /* SBJsonUTF8Stream.m */ = {isa = PBXFileReference; fileEncoding = 4; lastKnownFileType = sourcecode.c.objc; path = SBJsonUTF8Stream.m; sourceTree = "<group>"; };
		005487F514FE55F1001B3D76 /* SBJsonWriter.h */ = {isa = PBXFileReference; fileEncoding = 4; lastKnownFileType = sourcecode.c.h; path = SBJsonWriter.h; sourceTree = "<group>"; };
		005487F614FE55F1001B3D76 /* SBJsonWriter.m */ = {isa = PBXFileReference; fileEncoding = 4; lastKnownFileType = sourcecode.c.objc; path = SBJsonWriter.m; sourceTree = "<group>"; };
/* End PBXFileReference section */

/* Begin PBXFrameworksBuildPhase section */
		005487AC14FE54FA001B3D76 /* Frameworks */ = {
			isa = PBXFrameworksBuildPhase;
			buildActionMask = 2147483647;
			files = (
				005487B414FE54FA001B3D76 /* UIKit.framework in Frameworks */,
				005487B614FE54FA001B3D76 /* Foundation.framework in Frameworks */,
				005487B814FE54FA001B3D76 /* CoreGraphics.framework in Frameworks */,
			);
			runOnlyForDeploymentPostprocessing = 0;
		};
/* End PBXFrameworksBuildPhase section */

/* Begin PBXGroup section */
		005487A414FE54FA001B3D76 = {
			isa = PBXGroup;
			children = (
				005487B914FE54FA001B3D76 /* WikiApiObjectiveC */,
				005487B214FE54FA001B3D76 /* Frameworks */,
				005487B014FE54FA001B3D76 /* Products */,
			);
			sourceTree = "<group>";
		};
		005487B014FE54FA001B3D76 /* Products */ = {
			isa = PBXGroup;
			children = (
				005487AF14FE54FA001B3D76 /* WikiApiObjectiveC.app */,
			);
			name = Products;
			sourceTree = "<group>";
		};
		005487B214FE54FA001B3D76 /* Frameworks */ = {
			isa = PBXGroup;
			children = (
				005487B314FE54FA001B3D76 /* UIKit.framework */,
				005487B514FE54FA001B3D76 /* Foundation.framework */,
				005487B714FE54FA001B3D76 /* CoreGraphics.framework */,
			);
			name = Frameworks;
			sourceTree = "<group>";
		};
		005487B914FE54FA001B3D76 /* WikiApiObjectiveC */ = {
			isa = PBXGroup;
			children = (
				005487C214FE54FA001B3D76 /* AppDelegate.h */,
				005487C314FE54FA001B3D76 /* AppDelegate.m */,
				005487C514FE54FA001B3D76 /* MainViewController.h */,
				005487C614FE54FA001B3D76 /* MainViewController.m */,
				005487C814FE54FA001B3D76 /* FlipsideViewController.h */,
				005487C914FE54FA001B3D76 /* FlipsideViewController.m */,
				005487CB14FE54FA001B3D76 /* MainViewController_iPhone.xib */,
				005487CE14FE54FA001B3D76 /* MainViewController_iPad.xib */,
				005487D114FE54FA001B3D76 /* FlipsideViewController.xib */,
				005487DF14FE55E9001B3D76 /* JSON */,
				005487D914FE5505001B3D76 /* WikiApiCode */,
				005487BA14FE54FA001B3D76 /* Supporting Files */,
			);
			path = WikiApiObjectiveC;
			sourceTree = "<group>";
		};
		005487BA14FE54FA001B3D76 /* Supporting Files */ = {
			isa = PBXGroup;
			children = (
				005487BB14FE54FA001B3D76 /* WikiApiObjectiveC-Info.plist */,
				005487BC14FE54FA001B3D76 /* InfoPlist.strings */,
				005487BF14FE54FA001B3D76 /* main.m */,
				005487C114FE54FA001B3D76 /* WikiApiObjectiveC-Prefix.pch */,
			);
			name = "Supporting Files";
			sourceTree = "<group>";
		};
		005487D914FE5505001B3D76 /* WikiApiCode */ = {
			isa = PBXGroup;
			children = (
				005487DA14FE5520001B3D76 /* wikipedia.png */,
				005487DB14FE5520001B3D76 /* WikipediaHelper.h */,
				005487DC14FE5520001B3D76 /* WikipediaHelper.m */,
			);
			name = WikiApiCode;
			sourceTree = "<group>";
		};
		005487DF14FE55E9001B3D76 /* JSON */ = {
			isa = PBXGroup;
			children = (
				005487E014FE55F1001B3D76 /* SBJson.h */,
				005487E114FE55F1001B3D76 /* SBJsonParser.h */,
				005487E214FE55F1001B3D76 /* SBJsonParser.m */,
				005487E314FE55F1001B3D76 /* SBJsonStreamParser.h */,
				005487E414FE55F1001B3D76 /* SBJsonStreamParser.m */,
				005487E514FE55F1001B3D76 /* SBJsonStreamParserAccumulator.h */,
				005487E614FE55F1001B3D76 /* SBJsonStreamParserAccumulator.m */,
				005487E714FE55F1001B3D76 /* SBJsonStreamParserAdapter.h */,
				005487E814FE55F1001B3D76 /* SBJsonStreamParserAdapter.m */,
				005487E914FE55F1001B3D76 /* SBJsonStreamParserState.h */,
				005487EA14FE55F1001B3D76 /* SBJsonStreamParserState.m */,
				005487EB14FE55F1001B3D76 /* SBJsonStreamWriter.h */,
				005487EC14FE55F1001B3D76 /* SBJsonStreamWriter.m */,
				005487ED14FE55F1001B3D76 /* SBJsonStreamWriterAccumulator.h */,
				005487EE14FE55F1001B3D76 /* SBJsonStreamWriterAccumulator.m */,
				005487EF14FE55F1001B3D76 /* SBJsonStreamWriterState.h */,
				005487F014FE55F1001B3D76 /* SBJsonStreamWriterState.m */,
				005487F114FE55F1001B3D76 /* SBJsonTokeniser.h */,
				005487F214FE55F1001B3D76 /* SBJsonTokeniser.m */,
				005487F314FE55F1001B3D76 /* SBJsonUTF8Stream.h */,
				005487F414FE55F1001B3D76 /* SBJsonUTF8Stream.m */,
				005487F514FE55F1001B3D76 /* SBJsonWriter.h */,
				005487F614FE55F1001B3D76 /* SBJsonWriter.m */,
			);
			name = JSON;
			sourceTree = "<group>";
		};
/* End PBXGroup section */

/* Begin PBXNativeTarget section */
		005487AE14FE54FA001B3D76 /* WikiApiObjectiveC */ = {
			isa = PBXNativeTarget;
			buildConfigurationList = 005487D614FE54FA001B3D76 /* Build configuration list for PBXNativeTarget "WikiApiObjectiveC" */;
			buildPhases = (
				005487AB14FE54FA001B3D76 /* Sources */,
				005487AC14FE54FA001B3D76 /* Frameworks */,
				005487AD14FE54FA001B3D76 /* Resources */,
			);
			buildRules = (
			);
			dependencies = (
			);
			name = WikiApiObjectiveC;
			productName = WikiApiObjectiveC;
			productReference = 005487AF14FE54FA001B3D76 /* WikiApiObjectiveC.app */;
			productType = "com.apple.product-type.application";
		};
/* End PBXNativeTarget section */

/* Begin PBXProject section */
		005487A614FE54FA001B3D76 /* Project object */ = {
			isa = PBXProject;
			attributes = {
				LastUpgradeCheck = 0420;
			};
			buildConfigurationList = 005487A914FE54FA001B3D76 /* Build configuration list for PBXProject "WikiApiObjectiveC" */;
			compatibilityVersion = "Xcode 3.2";
			developmentRegion = English;
			hasScannedForEncodings = 0;
			knownRegions = (
				en,
			);
			mainGroup = 005487A414FE54FA001B3D76;
			productRefGroup = 005487B014FE54FA001B3D76 /* Products */;
			projectDirPath = "";
			projectRoot = "";
			targets = (
				005487AE14FE54FA001B3D76 /* WikiApiObjectiveC */,
			);
		};
/* End PBXProject section */

/* Begin PBXResourcesBuildPhase section */
		005487AD14FE54FA001B3D76 /* Resources */ = {
			isa = PBXResourcesBuildPhase;
			buildActionMask = 2147483647;
			files = (
				005487BE14FE54FA001B3D76 /* InfoPlist.strings in Resources */,
				005487CD14FE54FA001B3D76 /* MainViewController_iPhone.xib in Resources */,
				005487D014FE54FA001B3D76 /* MainViewController_iPad.xib in Resources */,
				005487D314FE54FA001B3D76 /* FlipsideViewController.xib in Resources */,
				005487DD14FE5520001B3D76 /* wikipedia.png in Resources */,
			);
			runOnlyForDeploymentPostprocessing = 0;
		};
/* End PBXResourcesBuildPhase section */

/* Begin PBXSourcesBuildPhase section */
		005487AB14FE54FA001B3D76 /* Sources */ = {
			isa = PBXSourcesBuildPhase;
			buildActionMask = 2147483647;
			files = (
				005487C014FE54FA001B3D76 /* main.m in Sources */,
				005487C414FE54FA001B3D76 /* AppDelegate.m in Sources */,
				005487C714FE54FA001B3D76 /* MainViewController.m in Sources */,
				005487CA14FE54FA001B3D76 /* FlipsideViewController.m in Sources */,
				005487DE14FE5520001B3D76 /* WikipediaHelper.m in Sources */,
				005487F714FE55F1001B3D76 /* SBJsonParser.m in Sources */,
				005487F814FE55F1001B3D76 /* SBJsonStreamParser.m in Sources */,
				005487F914FE55F1001B3D76 /* SBJsonStreamParserAccumulator.m in Sources */,
				005487FA14FE55F1001B3D76 /* SBJsonStreamParserAdapter.m in Sources */,
				005487FB14FE55F1001B3D76 /* SBJsonStreamParserState.m in Sources */,
				005487FC14FE55F1001B3D76 /* SBJsonStreamWriter.m in Sources */,
				005487FD14FE55F1001B3D76 /* SBJsonStreamWriterAccumulator.m in Sources */,
				005487FE14FE55F1001B3D76 /* SBJsonStreamWriterState.m in Sources */,
				005487FF14FE55F1001B3D76 /* SBJsonTokeniser.m in Sources */,
				0054880014FE55F1001B3D76 /* SBJsonUTF8Stream.m in Sources */,
				0054880114FE55F1001B3D76 /* SBJsonWriter.m in Sources */,
			);
			runOnlyForDeploymentPostprocessing = 0;
		};
/* End PBXSourcesBuildPhase section */

/* Begin PBXVariantGroup section */
		005487BC14FE54FA001B3D76 /* InfoPlist.strings */ = {
			isa = PBXVariantGroup;
			children = (
				005487BD14FE54FA001B3D76 /* en */,
			);
			name = InfoPlist.strings;
			sourceTree = "<group>";
		};
		005487CB14FE54FA001B3D76 /* MainViewController_iPhone.xib */ = {
			isa = PBXVariantGroup;
			children = (
				005487CC14FE54FA001B3D76 /* en */,
			);
			name = MainViewController_iPhone.xib;
			sourceTree = "<group>";
		};
		005487CE14FE54FA001B3D76 /* MainViewController_iPad.xib */ = {
			isa = PBXVariantGroup;
			children = (
				005487CF14FE54FA001B3D76 /* en */,
			);
			name = MainViewController_iPad.xib;
			sourceTree = "<group>";
		};
		005487D114FE54FA001B3D76 /* FlipsideViewController.xib */ = {
			isa = PBXVariantGroup;
			children = (
				005487D214FE54FA001B3D76 /* en */,
			);
			name = FlipsideViewController.xib;
			sourceTree = "<group>";
		};
/* End PBXVariantGroup section */

/* Begin XCBuildConfiguration section */
		005487D414FE54FA001B3D76 /* Debug */ = {
			isa = XCBuildConfiguration;
			buildSettings = {
				ALWAYS_SEARCH_USER_PATHS = NO;
				ARCHS = "$(ARCHS_STANDARD_32_BIT)";
				CLANG_ENABLE_OBJC_ARC = YES;
				"CODE_SIGN_IDENTITY[sdk=iphoneos*]" = "iPhone Developer";
				COPY_PHASE_STRIP = NO;
				GCC_C_LANGUAGE_STANDARD = gnu99;
				GCC_DYNAMIC_NO_PIC = NO;
				GCC_OPTIMIZATION_LEVEL = 0;
				GCC_PREPROCESSOR_DEFINITIONS = (
					"DEBUG=1",
					"$(inherited)",
				);
				GCC_SYMBOLS_PRIVATE_EXTERN = NO;
				GCC_VERSION = com.apple.compilers.llvm.clang.1_0;
				GCC_WARN_ABOUT_MISSING_PROTOTYPES = YES;
				GCC_WARN_ABOUT_RETURN_TYPE = YES;
				GCC_WARN_UNUSED_VARIABLE = YES;
				IPHONEOS_DEPLOYMENT_TARGET = 5.0;
				SDKROOT = iphoneos;
				TARGETED_DEVICE_FAMILY = "1,2";
			};
			name = Debug;
		};
		005487D514FE54FA001B3D76 /* Release */ = {
			isa = XCBuildConfiguration;
			buildSettings = {
				ALWAYS_SEARCH_USER_PATHS = NO;
				ARCHS = "$(ARCHS_STANDARD_32_BIT)";
				CLANG_ENABLE_OBJC_ARC = YES;
				"CODE_SIGN_IDENTITY[sdk=iphoneos*]" = "iPhone Developer";
				COPY_PHASE_STRIP = YES;
				GCC_C_LANGUAGE_STANDARD = gnu99;
				GCC_VERSION = com.apple.compilers.llvm.clang.1_0;
				GCC_WARN_ABOUT_MISSING_PROTOTYPES = YES;
				GCC_WARN_ABOUT_RETURN_TYPE = YES;
				GCC_WARN_UNUSED_VARIABLE = YES;
				IPHONEOS_DEPLOYMENT_TARGET = 5.0;
				OTHER_CFLAGS = "-DNS_BLOCK_ASSERTIONS=1";
				SDKROOT = iphoneos;
				TARGETED_DEVICE_FAMILY = "1,2";
				VALIDATE_PRODUCT = YES;
			};
			name = Release;
		};
		005487D714FE54FA001B3D76 /* Debug */ = {
			isa = XCBuildConfiguration;
			buildSettings = {
				GCC_PRECOMPILE_PREFIX_HEADER = YES;
				GCC_PREFIX_HEADER = "WikiApiObjectiveC/WikiApiObjectiveC-Prefix.pch";
				INFOPLIST_FILE = "WikiApiObjectiveC/WikiApiObjectiveC-Info.plist";
				PRODUCT_NAME = "$(TARGET_NAME)";
				WRAPPER_EXTENSION = app;
			};
			name = Debug;
		};
		005487D814FE54FA001B3D76 /* Release */ = {
			isa = XCBuildConfiguration;
			buildSettings = {
				GCC_PRECOMPILE_PREFIX_HEADER = YES;
				GCC_PREFIX_HEADER = "WikiApiObjectiveC/WikiApiObjectiveC-Prefix.pch";
				INFOPLIST_FILE = "WikiApiObjectiveC/WikiApiObjectiveC-Info.plist";
				PRODUCT_NAME = "$(TARGET_NAME)";
				WRAPPER_EXTENSION = app;
			};
			name = Release;
		};
/* End XCBuildConfiguration section */

/* Begin XCConfigurationList section */
		005487A914FE54FA001B3D76 /* Build configuration list for PBXProject "WikiApiObjectiveC" */ = {
			isa = XCConfigurationList;
			buildConfigurations = (
				005487D414FE54FA001B3D76 /* Debug */,
				005487D514FE54FA001B3D76 /* Release */,
			);
			defaultConfigurationIsVisible = 0;
			defaultConfigurationName = Release;
		};
		005487D614FE54FA001B3D76 /* Build configuration list for PBXNativeTarget "WikiApiObjectiveC" */ = {
			isa = XCConfigurationList;
			buildConfigurations = (
				005487D714FE54FA001B3D76 /* Debug */,
				005487D814FE54FA001B3D76 /* Release */,
			);
			defaultConfigurationIsVisible = 0;
		};
/* End XCConfigurationList section */
	};
	rootObject = 005487A614FE54FA001B3D76 /* Project object */;
}
