// !$*UTF8*$!
{
	archiveVersion = 1;
	classes = {
	};
	objectVersion = 46;
	objects = {

/* Begin PBXBuildFile section */
		005487B414FE54FA001B3D76 /* UIKit.framework in Frameworks */ = {isa = PBXBuildFile; fileRef = 005487B314FE54FA001B3D76 /* UIKit.framework */; };
		005487B614FE54FA001B3D76 /* Foundation.framework in Frameworks */ = {isa = PBXBuildFile; fileRef = 005487B514FE54FA001B3D76 /* Foundation.framework */; };
		005487B814FE54FA001B3D76 /* CoreGraphics.framework in Frameworks */ = {isa = PBXBuildFile; fileRef = 005487B714FE54FA001B3D76 /* CoreGraphics.framework */; };
		005487BE14FE54FA001B3D76 /* InfoPlist.strings in Resources */ = {isa = PBXBuildFile; fileRef = 005487BC14FE54FA001B3D76 /* InfoPlist.strings */; };
		005487C014FE54FA001B3D76 /* main.m in Sources */ = {isa = PBXBuildFile; fileRef = 005487BF14FE54FA001B3D76 /* main.m */; };
		005487C414FE54FA001B3D76 /* AppDelegate.m in Sources */ = {isa = PBXBuildFile; fileRef = 005487C314FE54FA001B3D76 /* AppDelegate.m */; };
		005487C714FE54FA001B3D76 /* MainViewController.m in Sources */ = {isa = PBXBuildFile; fileRef = 005487C614FE54FA001B3D76 /* MainViewController.m */; };
		005487DD14FE5520001B3D76 /* wikipedia.png in Resources */ = {isa = PBXBuildFile; fileRef = 005487DA14FE5520001B3D76 /* wikipedia.png */; };
		005487DE14FE5520001B3D76 /* WikipediaHelper.m in Sources */ = {isa = PBXBuildFile; fileRef = 005487DC14FE5520001B3D76 /* WikipediaHelper.m */; };
		CB5403DE18B4B24E00CDF1F8 /* Storyboard.storyboard in Resources */ = {isa = PBXBuildFile; fileRef = CB5403DD18B4B24E00CDF1F8 /* Storyboard.storyboard */; };
		CBA4481E18B4BD89004D7466 /* SystemConfiguration.framework in Frameworks */ = {isa = PBXBuildFile; fileRef = CBA4481D18B4BD89004D7466 /* SystemConfiguration.framework */; };
		CBA4482018B4BDD5004D7466 /* CFNetwork.framework in Frameworks */ = {isa = PBXBuildFile; fileRef = CBA4481F18B4BDD5004D7466 /* CFNetwork.framework */; };
		CBA4482218B4BDDB004D7466 /* Security.framework in Frameworks */ = {isa = PBXBuildFile; fileRef = CBA4482118B4BDDB004D7466 /* Security.framework */; };
		CBA4483618B4C7D2004D7466 /* AFHTTPRequestOperation.m in Sources */ = {isa = PBXBuildFile; fileRef = CBA4482418B4C7D2004D7466 /* AFHTTPRequestOperation.m */; };
		CBA4483718B4C7D2004D7466 /* AFHTTPRequestOperationManager.m in Sources */ = {isa = PBXBuildFile; fileRef = CBA4482618B4C7D2004D7466 /* AFHTTPRequestOperationManager.m */; };
		CBA4483818B4C7D2004D7466 /* AFHTTPSessionManager.m in Sources */ = {isa = PBXBuildFile; fileRef = CBA4482818B4C7D2004D7466 /* AFHTTPSessionManager.m */; };
		CBA4483918B4C7D2004D7466 /* AFNetworkReachabilityManager.m in Sources */ = {isa = PBXBuildFile; fileRef = CBA4482B18B4C7D2004D7466 /* AFNetworkReachabilityManager.m */; };
		CBA4483A18B4C7D2004D7466 /* AFSecurityPolicy.m in Sources */ = {isa = PBXBuildFile; fileRef = CBA4482D18B4C7D2004D7466 /* AFSecurityPolicy.m */; };
		CBA4483B18B4C7D2004D7466 /* AFURLConnectionOperation.m in Sources */ = {isa = PBXBuildFile; fileRef = CBA4482F18B4C7D2004D7466 /* AFURLConnectionOperation.m */; };
		CBA4483C18B4C7D2004D7466 /* AFURLRequestSerialization.m in Sources */ = {isa = PBXBuildFile; fileRef = CBA4483118B4C7D2004D7466 /* AFURLRequestSerialization.m */; };
		CBA4483D18B4C7D2004D7466 /* AFURLResponseSerialization.m in Sources */ = {isa = PBXBuildFile; fileRef = CBA4483318B4C7D2004D7466 /* AFURLResponseSerialization.m */; };
		CBA4483E18B4C7D2004D7466 /* AFURLSessionManager.m in Sources */ = {isa = PBXBuildFile; fileRef = CBA4483518B4C7D2004D7466 /* AFURLSessionManager.m */; };
		CBA4484018B4C9A6004D7466 /* Default-568h@2x.png in Resources */ = {isa = PBXBuildFile; fileRef = CBA4483F18B4C9A6004D7466 /* Default-568h@2x.png */; };
/* End PBXBuildFile section */

/* Begin PBXFileReference section */
		005487AF14FE54FA001B3D76 /* WikiApiObjectiveC.app */ = {isa = PBXFileReference; explicitFileType = wrapper.application; includeInIndex = 0; path = WikiApiObjectiveC.app; sourceTree = BUILT_PRODUCTS_DIR; };
		005487B314FE54FA001B3D76 /* UIKit.framework */ = {isa = PBXFileReference; lastKnownFileType = wrapper.framework; name = UIKit.framework; path = System/Library/Frameworks/UIKit.framework; sourceTree = SDKROOT; };
		005487B514FE54FA001B3D76 /* Foundation.framework */ = {isa = PBXFileReference; lastKnownFileType = wrapper.framework; name = Foundation.framework; path = System/Library/Frameworks/Foundation.framework; sourceTree = SDKROOT; };
		005487B714FE54FA001B3D76 /* CoreGraphics.framework */ = {isa = PBXFileReference; lastKnownFileType = wrapper.framework; name = CoreGraphics.framework; path = System/Library/Frameworks/CoreGraphics.framework; sourceTree = SDKROOT; };
		005487BB14FE54FA001B3D76 /* WikiApiObjectiveC-Info.plist */ = {isa = PBXFileReference; lastKnownFileType = text.plist.xml; path = "WikiApiObjectiveC-Info.plist"; sourceTree = "<group>"; };
		005487BD14FE54FA001B3D76 /* en */ = {isa = PBXFileReference; lastKnownFileType = text.plist.strings; name = en; path = en.lproj/InfoPlist.strings; sourceTree = "<group>"; };
		005487BF14FE54FA001B3D76 /* main.m */ = {isa = PBXFileReference; lastKnownFileType = sourcecode.c.objc; path = main.m; sourceTree = "<group>"; };
		005487C114FE54FA001B3D76 /* WikiApiObjectiveC-Prefix.pch */ = {isa = PBXFileReference; lastKnownFileType = sourcecode.c.h; path = "WikiApiObjectiveC-Prefix.pch"; sourceTree = "<group>"; };
		005487C214FE54FA001B3D76 /* AppDelegate.h */ = {isa = PBXFileReference; lastKnownFileType = sourcecode.c.h; path = AppDelegate.h; sourceTree = "<group>"; };
		005487C314FE54FA001B3D76 /* AppDelegate.m */ = {isa = PBXFileReference; lastKnownFileType = sourcecode.c.objc; path = AppDelegate.m; sourceTree = "<group>"; };
		005487C514FE54FA001B3D76 /* MainViewController.h */ = {isa = PBXFileReference; lastKnownFileType = sourcecode.c.h; path = MainViewController.h; sourceTree = "<group>"; };
		005487C614FE54FA001B3D76 /* MainViewController.m */ = {isa = PBXFileReference; lastKnownFileType = sourcecode.c.objc; path = MainViewController.m; sourceTree = "<group>"; };
		005487DA14FE5520001B3D76 /* wikipedia.png */ = {isa = PBXFileReference; lastKnownFileType = image.png; path = wikipedia.png; sourceTree = "<group>"; };
		005487DB14FE5520001B3D76 /* WikipediaHelper.h */ = {isa = PBXFileReference; fileEncoding = 4; lastKnownFileType = sourcecode.c.h; path = WikipediaHelper.h; sourceTree = "<group>"; };
		005487DC14FE5520001B3D76 /* WikipediaHelper.m */ = {isa = PBXFileReference; fileEncoding = 4; lastKnownFileType = sourcecode.c.objc; path = WikipediaHelper.m; sourceTree = "<group>"; };
		CB5403DD18B4B24E00CDF1F8 /* Storyboard.storyboard */ = {isa = PBXFileReference; fileEncoding = 4; lastKnownFileType = file.storyboard; name = Storyboard.storyboard; path = ../Storyboard.storyboard; sourceTree = "<group>"; };
		CBA4481D18B4BD89004D7466 /* SystemConfiguration.framework */ = {isa = PBXFileReference; lastKnownFileType = wrapper.framework; name = SystemConfiguration.framework; path = System/Library/Frameworks/SystemConfiguration.framework; sourceTree = SDKROOT; };
		CBA4481F18B4BDD5004D7466 /* CFNetwork.framework */ = {isa = PBXFileReference; lastKnownFileType = wrapper.framework; name = CFNetwork.framework; path = System/Library/Frameworks/CFNetwork.framework; sourceTree = SDKROOT; };
		CBA4482118B4BDDB004D7466 /* Security.framework */ = {isa = PBXFileReference; lastKnownFileType = wrapper.framework; name = Security.framework; path = System/Library/Frameworks/Security.framework; sourceTree = SDKROOT; };
		CBA4482318B4C7D2004D7466 /* AFHTTPRequestOperation.h */ = {isa = PBXFileReference; fileEncoding = 4; lastKnownFileType = sourcecode.c.h; name = AFHTTPRequestOperation.h; path = AFNetworking/AFHTTPRequestOperation.h; sourceTree = "<group>"; };
		CBA4482418B4C7D2004D7466 /* AFHTTPRequestOperation.m */ = {isa = PBXFileReference; fileEncoding = 4; lastKnownFileType = sourcecode.c.objc; name = AFHTTPRequestOperation.m; path = AFNetworking/AFHTTPRequestOperation.m; sourceTree = "<group>"; };
		CBA4482518B4C7D2004D7466 /* AFHTTPRequestOperationManager.h */ = {isa = PBXFileReference; fileEncoding = 4; lastKnownFileType = sourcecode.c.h; name = AFHTTPRequestOperationManager.h; path = AFNetworking/AFHTTPRequestOperationManager.h; sourceTree = "<group>"; };
		CBA4482618B4C7D2004D7466 /* AFHTTPRequestOperationManager.m */ = {isa = PBXFileReference; fileEncoding = 4; lastKnownFileType = sourcecode.c.objc; name = AFHTTPRequestOperationManager.m; path = AFNetworking/AFHTTPRequestOperationManager.m; sourceTree = "<group>"; };
		CBA4482718B4C7D2004D7466 /* AFHTTPSessionManager.h */ = {isa = PBXFileReference; fileEncoding = 4; lastKnownFileType = sourcecode.c.h; name = AFHTTPSessionManager.h; path = AFNetworking/AFHTTPSessionManager.h; sourceTree = "<group>"; };
		CBA4482818B4C7D2004D7466 /* AFHTTPSessionManager.m */ = {isa = PBXFileReference; fileEncoding = 4; lastKnownFileType = sourcecode.c.objc; name = AFHTTPSessionManager.m; path = AFNetworking/AFHTTPSessionManager.m; sourceTree = "<group>"; };
		CBA4482918B4C7D2004D7466 /* AFNetworking.h */ = {isa = PBXFileReference; fileEncoding = 4; lastKnownFileType = sourcecode.c.h; name = AFNetworking.h; path = AFNetworking/AFNetworking.h; sourceTree = "<group>"; };
		CBA4482A18B4C7D2004D7466 /* AFNetworkReachabilityManager.h */ = {isa = PBXFileReference; fileEncoding = 4; lastKnownFileType = sourcecode.c.h; name = AFNetworkReachabilityManager.h; path = AFNetworking/AFNetworkReachabilityManager.h; sourceTree = "<group>"; };
		CBA4482B18B4C7D2004D7466 /* AFNetworkReachabilityManager.m */ = {isa = PBXFileReference; fileEncoding = 4; lastKnownFileType = sourcecode.c.objc; name = AFNetworkReachabilityManager.m; path = AFNetworking/AFNetworkReachabilityManager.m; sourceTree = "<group>"; };
		CBA4482C18B4C7D2004D7466 /* AFSecurityPolicy.h */ = {isa = PBXFileReference; fileEncoding = 4; lastKnownFileType = sourcecode.c.h; name = AFSecurityPolicy.h; path = AFNetworking/AFSecurityPolicy.h; sourceTree = "<group>"; };
		CBA4482D18B4C7D2004D7466 /* AFSecurityPolicy.m */ = {isa = PBXFileReference; fileEncoding = 4; lastKnownFileType = sourcecode.c.objc; name = AFSecurityPolicy.m; path = AFNetworking/AFSecurityPolicy.m; sourceTree = "<group>"; };
		CBA4482E18B4C7D2004D7466 /* AFURLConnectionOperation.h */ = {isa = PBXFileReference; fileEncoding = 4; lastKnownFileType = sourcecode.c.h; name = AFURLConnectionOperation.h; path = AFNetworking/AFURLConnectionOperation.h; sourceTree = "<group>"; };
		CBA4482F18B4C7D2004D7466 /* AFURLConnectionOperation.m */ = {isa = PBXFileReference; fileEncoding = 4; lastKnownFileType = sourcecode.c.objc; name = AFURLConnectionOperation.m; path = AFNetworking/AFURLConnectionOperation.m; sourceTree = "<group>"; };
		CBA4483018B4C7D2004D7466 /* AFURLRequestSerialization.h */ = {isa = PBXFileReference; fileEncoding = 4; lastKnownFileType = sourcecode.c.h; name = AFURLRequestSerialization.h; path = AFNetworking/AFURLRequestSerialization.h; sourceTree = "<group>"; };
		CBA4483118B4C7D2004D7466 /* AFURLRequestSerialization.m */ = {isa = PBXFileReference; fileEncoding = 4; lastKnownFileType = sourcecode.c.objc; name = AFURLRequestSerialization.m; path = AFNetworking/AFURLRequestSerialization.m; sourceTree = "<group>"; };
		CBA4483218B4C7D2004D7466 /* AFURLResponseSerialization.h */ = {isa = PBXFileReference; fileEncoding = 4; lastKnownFileType = sourcecode.c.h; name = AFURLResponseSerialization.h; path = AFNetworking/AFURLResponseSerialization.h; sourceTree = "<group>"; };
		CBA4483318B4C7D2004D7466 /* AFURLResponseSerialization.m */ = {isa = PBXFileReference; fileEncoding = 4; lastKnownFileType = sourcecode.c.objc; name = AFURLResponseSerialization.m; path = AFNetworking/AFURLResponseSerialization.m; sourceTree = "<group>"; };
		CBA4483418B4C7D2004D7466 /* AFURLSessionManager.h */ = {isa = PBXFileReference; fileEncoding = 4; lastKnownFileType = sourcecode.c.h; name = AFURLSessionManager.h; path = AFNetworking/AFURLSessionManager.h; sourceTree = "<group>"; };
		CBA4483518B4C7D2004D7466 /* AFURLSessionManager.m */ = {isa = PBXFileReference; fileEncoding = 4; lastKnownFileType = sourcecode.c.objc; name = AFURLSessionManager.m; path = AFNetworking/AFURLSessionManager.m; sourceTree = "<group>"; };
		CBA4483F18B4C9A6004D7466 /* Default-568h@2x.png */ = {isa = PBXFileReference; lastKnownFileType = image.png; name = "Default-568h@2x.png"; path = "../Default-568h@2x.png"; sourceTree = "<group>"; };
/* End PBXFileReference section */

/* Begin PBXFrameworksBuildPhase section */
		005487AC14FE54FA001B3D76 /* Frameworks */ = {
			isa = PBXFrameworksBuildPhase;
			buildActionMask = 2147483647;
			files = (
				CBA4482218B4BDDB004D7466 /* Security.framework in Frameworks */,
				CBA4482018B4BDD5004D7466 /* CFNetwork.framework in Frameworks */,
				CBA4481E18B4BD89004D7466 /* SystemConfiguration.framework in Frameworks */,
				005487B414FE54FA001B3D76 /* UIKit.framework in Frameworks */,
				005487B614FE54FA001B3D76 /* Foundation.framework in Frameworks */,
				005487B814FE54FA001B3D76 /* CoreGraphics.framework in Frameworks */,
			);
			runOnlyForDeploymentPostprocessing = 0;
		};
/* End PBXFrameworksBuildPhase section */

/* Begin PBXGroup section */
		005487A414FE54FA001B3D76 = {
			isa = PBXGroup;
			children = (
				005487B914FE54FA001B3D76 /* WikiApiObjectiveC */,
				005487B214FE54FA001B3D76 /* Frameworks */,
				005487B014FE54FA001B3D76 /* Products */,
			);
			sourceTree = "<group>";
		};
		005487B014FE54FA001B3D76 /* Products */ = {
			isa = PBXGroup;
			children = (
				005487AF14FE54FA001B3D76 /* WikiApiObjectiveC.app */,
			);
			name = Products;
			sourceTree = "<group>";
		};
		005487B214FE54FA001B3D76 /* Frameworks */ = {
			isa = PBXGroup;
			children = (
				005487B314FE54FA001B3D76 /* UIKit.framework */,
				005487B514FE54FA001B3D76 /* Foundation.framework */,
				005487B714FE54FA001B3D76 /* CoreGraphics.framework */,
				CBA4482118B4BDDB004D7466 /* Security.framework */,
				CBA4481F18B4BDD5004D7466 /* CFNetwork.framework */,
				CBA4481D18B4BD89004D7466 /* SystemConfiguration.framework */,
				CB5403DF18B4B48800CDF1F8 /* AFNetworking */,
			);
			name = Frameworks;
			sourceTree = "<group>";
		};
		005487B914FE54FA001B3D76 /* WikiApiObjectiveC */ = {
			isa = PBXGroup;
			children = (
				005487C214FE54FA001B3D76 /* AppDelegate.h */,
				005487C314FE54FA001B3D76 /* AppDelegate.m */,
				005487C514FE54FA001B3D76 /* MainViewController.h */,
				005487C614FE54FA001B3D76 /* MainViewController.m */,
				CB5403DD18B4B24E00CDF1F8 /* Storyboard.storyboard */,
				005487D914FE5505001B3D76 /* WikiApiCode */,
				005487BA14FE54FA001B3D76 /* Supporting Files */,
			);
			path = WikiApiObjectiveC;
			sourceTree = "<group>";
		};
		005487BA14FE54FA001B3D76 /* Supporting Files */ = {
			isa = PBXGroup;
			children = (
				005487BB14FE54FA001B3D76 /* WikiApiObjectiveC-Info.plist */,
				005487BC14FE54FA001B3D76 /* InfoPlist.strings */,
				005487BF14FE54FA001B3D76 /* main.m */,
				005487C114FE54FA001B3D76 /* WikiApiObjectiveC-Prefix.pch */,
				CBA4483F18B4C9A6004D7466 /* Default-568h@2x.png */,
			);
			name = "Supporting Files";
			sourceTree = "<group>";
		};
		005487D914FE5505001B3D76 /* WikiApiCode */ = {
			isa = PBXGroup;
			children = (
				005487DA14FE5520001B3D76 /* wikipedia.png */,
				005487DB14FE5520001B3D76 /* WikipediaHelper.h */,
				005487DC14FE5520001B3D76 /* WikipediaHelper.m */,
			);
			name = WikiApiCode;
			sourceTree = "<group>";
		};
		CB5403DF18B4B48800CDF1F8 /* AFNetworking */ = {
			isa = PBXGroup;
			children = (
				CBA4482318B4C7D2004D7466 /* AFHTTPRequestOperation.h */,
				CBA4482418B4C7D2004D7466 /* AFHTTPRequestOperation.m */,
				CBA4482518B4C7D2004D7466 /* AFHTTPRequestOperationManager.h */,
				CBA4482618B4C7D2004D7466 /* AFHTTPRequestOperationManager.m */,
				CBA4482718B4C7D2004D7466 /* AFHTTPSessionManager.h */,
				CBA4482818B4C7D2004D7466 /* AFHTTPSessionManager.m */,
				CBA4482918B4C7D2004D7466 /* AFNetworking.h */,
				CBA4482A18B4C7D2004D7466 /* AFNetworkReachabilityManager.h */,
				CBA4482B18B4C7D2004D7466 /* AFNetworkReachabilityManager.m */,
				CBA4482C18B4C7D2004D7466 /* AFSecurityPolicy.h */,
				CBA4482D18B4C7D2004D7466 /* AFSecurityPolicy.m */,
				CBA4482E18B4C7D2004D7466 /* AFURLConnectionOperation.h */,
				CBA4482F18B4C7D2004D7466 /* AFURLConnectionOperation.m */,
				CBA4483018B4C7D2004D7466 /* AFURLRequestSerialization.h */,
				CBA4483118B4C7D2004D7466 /* AFURLRequestSerialization.m */,
				CBA4483218B4C7D2004D7466 /* AFURLResponseSerialization.h */,
				CBA4483318B4C7D2004D7466 /* AFURLResponseSerialization.m */,
				CBA4483418B4C7D2004D7466 /* AFURLSessionManager.h */,
				CBA4483518B4C7D2004D7466 /* AFURLSessionManager.m */,
			);
			name = AFNetworking;
			sourceTree = "<group>";
		};
/* End PBXGroup section */

/* Begin PBXNativeTarget section */
		005487AE14FE54FA001B3D76 /* WikiApiObjectiveC */ = {
			isa = PBXNativeTarget;
			buildConfigurationList = 005487D614FE54FA001B3D76 /* Build configuration list for PBXNativeTarget "WikiApiObjectiveC" */;
			buildPhases = (
				005487AB14FE54FA001B3D76 /* Sources */,
				005487AC14FE54FA001B3D76 /* Frameworks */,
				005487AD14FE54FA001B3D76 /* Resources */,
			);
			buildRules = (
			);
			dependencies = (
			);
			name = WikiApiObjectiveC;
			productName = WikiApiObjectiveC;
			productReference = 005487AF14FE54FA001B3D76 /* WikiApiObjectiveC.app */;
			productType = "com.apple.product-type.application";
		};
/* End PBXNativeTarget section */

/* Begin PBXProject section */
		005487A614FE54FA001B3D76 /* Project object */ = {
			isa = PBXProject;
			attributes = {
				LastUpgradeCheck = 0420;
			};
			buildConfigurationList = 005487A914FE54FA001B3D76 /* Build configuration list for PBXProject "WikiApiObjectiveC" */;
			compatibilityVersion = "Xcode 3.2";
			developmentRegion = English;
			hasScannedForEncodings = 0;
			knownRegions = (
				en,
			);
			mainGroup = 005487A414FE54FA001B3D76;
			productRefGroup = 005487B014FE54FA001B3D76 /* Products */;
			projectDirPath = "";
			projectRoot = "";
			targets = (
				005487AE14FE54FA001B3D76 /* WikiApiObjectiveC */,
			);
		};
/* End PBXProject section */

/* Begin PBXResourcesBuildPhase section */
		005487AD14FE54FA001B3D76 /* Resources */ = {
			isa = PBXResourcesBuildPhase;
			buildActionMask = 2147483647;
			files = (
				005487BE14FE54FA001B3D76 /* InfoPlist.strings in Resources */,
				CBA4484018B4C9A6004D7466 /* Default-568h@2x.png in Resources */,
				005487DD14FE5520001B3D76 /* wikipedia.png in Resources */,
				CB5403DE18B4B24E00CDF1F8 /* Storyboard.storyboard in Resources */,
			);
			runOnlyForDeploymentPostprocessing = 0;
		};
/* End PBXResourcesBuildPhase section */

/* Begin PBXSourcesBuildPhase section */
		005487AB14FE54FA001B3D76 /* Sources */ = {
			isa = PBXSourcesBuildPhase;
			buildActionMask = 2147483647;
			files = (
				005487C014FE54FA001B3D76 /* main.m in Sources */,
				CBA4483A18B4C7D2004D7466 /* AFSecurityPolicy.m in Sources */,
				005487C414FE54FA001B3D76 /* AppDelegate.m in Sources */,
				CBA4483718B4C7D2004D7466 /* AFHTTPRequestOperationManager.m in Sources */,
				CBA4483B18B4C7D2004D7466 /* AFURLConnectionOperation.m in Sources */,
				CBA4483618B4C7D2004D7466 /* AFHTTPRequestOperation.m in Sources */,
				005487C714FE54FA001B3D76 /* MainViewController.m in Sources */,
				CBA4483C18B4C7D2004D7466 /* AFURLRequestSerialization.m in Sources */,
				CBA4483818B4C7D2004D7466 /* AFHTTPSessionManager.m in Sources */,
				CBA4483918B4C7D2004D7466 /* AFNetworkReachabilityManager.m in Sources */,
				CBA4483D18B4C7D2004D7466 /* AFURLResponseSerialization.m in Sources */,
				CBA4483E18B4C7D2004D7466 /* AFURLSessionManager.m in Sources */,
				005487DE14FE5520001B3D76 /* WikipediaHelper.m in Sources */,
			);
			runOnlyForDeploymentPostprocessing = 0;
		};
/* End PBXSourcesBuildPhase section */

/* Begin PBXVariantGroup section */
		005487BC14FE54FA001B3D76 /* InfoPlist.strings */ = {
			isa = PBXVariantGroup;
			children = (
				005487BD14FE54FA001B3D76 /* en */,
			);
			name = InfoPlist.strings;
			sourceTree = "<group>";
		};
/* End PBXVariantGroup section */

/* Begin XCBuildConfiguration section */
		005487D414FE54FA001B3D76 /* Debug */ = {
			isa = XCBuildConfiguration;
			buildSettings = {
				ALWAYS_SEARCH_USER_PATHS = NO;
				ARCHS = "$(ARCHS_STANDARD_32_BIT)";
				CLANG_ENABLE_OBJC_ARC = YES;
				"CODE_SIGN_IDENTITY[sdk=iphoneos*]" = "iPhone Developer";
				COPY_PHASE_STRIP = NO;
				GCC_C_LANGUAGE_STANDARD = gnu99;
				GCC_DYNAMIC_NO_PIC = NO;
				GCC_OPTIMIZATION_LEVEL = 0;
				GCC_PREPROCESSOR_DEFINITIONS = (
					"DEBUG=1",
					"$(inherited)",
				);
				GCC_SYMBOLS_PRIVATE_EXTERN = NO;
				GCC_VERSION = com.apple.compilers.llvm.clang.1_0;
				GCC_WARN_ABOUT_MISSING_PROTOTYPES = YES;
				GCC_WARN_ABOUT_RETURN_TYPE = YES;
				GCC_WARN_UNUSED_VARIABLE = YES;
				IPHONEOS_DEPLOYMENT_TARGET = 5.0;
				SDKROOT = iphoneos;
				TARGETED_DEVICE_FAMILY = "1,2";
			};
			name = Debug;
		};
		005487D514FE54FA001B3D76 /* Release */ = {
			isa = XCBuildConfiguration;
			buildSettings = {
				ALWAYS_SEARCH_USER_PATHS = NO;
				ARCHS = "$(ARCHS_STANDARD_32_BIT)";
				CLANG_ENABLE_OBJC_ARC = YES;
				"CODE_SIGN_IDENTITY[sdk=iphoneos*]" = "iPhone Developer";
				COPY_PHASE_STRIP = YES;
				GCC_C_LANGUAGE_STANDARD = gnu99;
				GCC_VERSION = com.apple.compilers.llvm.clang.1_0;
				GCC_WARN_ABOUT_MISSING_PROTOTYPES = YES;
				GCC_WARN_ABOUT_RETURN_TYPE = YES;
				GCC_WARN_UNUSED_VARIABLE = YES;
				IPHONEOS_DEPLOYMENT_TARGET = 5.0;
				OTHER_CFLAGS = "-DNS_BLOCK_ASSERTIONS=1";
				SDKROOT = iphoneos;
				TARGETED_DEVICE_FAMILY = "1,2";
				VALIDATE_PRODUCT = YES;
			};
			name = Release;
		};
		005487D714FE54FA001B3D76 /* Debug */ = {
			isa = XCBuildConfiguration;
			buildSettings = {
				GCC_PRECOMPILE_PREFIX_HEADER = YES;
				GCC_PREFIX_HEADER = "WikiApiObjectiveC/WikiApiObjectiveC-Prefix.pch";
				INFOPLIST_FILE = "WikiApiObjectiveC/WikiApiObjectiveC-Info.plist";
				IPHONEOS_DEPLOYMENT_TARGET = 7.0;
				PRODUCT_NAME = "$(TARGET_NAME)";
				TARGETED_DEVICE_FAMILY = 1;
				WRAPPER_EXTENSION = app;
			};
			name = Debug;
		};
		005487D814FE54FA001B3D76 /* Release */ = {
			isa = XCBuildConfiguration;
			buildSettings = {
				GCC_PRECOMPILE_PREFIX_HEADER = YES;
				GCC_PREFIX_HEADER = "WikiApiObjectiveC/WikiApiObjectiveC-Prefix.pch";
				INFOPLIST_FILE = "WikiApiObjectiveC/WikiApiObjectiveC-Info.plist";
				IPHONEOS_DEPLOYMENT_TARGET = 7.0;
				PRODUCT_NAME = "$(TARGET_NAME)";
				TARGETED_DEVICE_FAMILY = 1;
				WRAPPER_EXTENSION = app;
			};
			name = Release;
		};
/* End XCBuildConfiguration section */

/* Begin XCConfigurationList section */
		005487A914FE54FA001B3D76 /* Build configuration list for PBXProject "WikiApiObjectiveC" */ = {
			isa = XCConfigurationList;
			buildConfigurations = (
				005487D414FE54FA001B3D76 /* Debug */,
				005487D514FE54FA001B3D76 /* Release */,
			);
			defaultConfigurationIsVisible = 0;
			defaultConfigurationName = Release;
		};
		005487D614FE54FA001B3D76 /* Build configuration list for PBXNativeTarget "WikiApiObjectiveC" */ = {
			isa = XCConfigurationList;
			buildConfigurations = (
				005487D714FE54FA001B3D76 /* Debug */,
				005487D814FE54FA001B3D76 /* Release */,
			);
			defaultConfigurationIsVisible = 0;
			defaultConfigurationName = Release;
		};
/* End XCConfigurationList section */
	};
	rootObject = 005487A614FE54FA001B3D76 /* Project object */;
}
